
Microsoft Visual Studio Solution File, Format Version 12.00
# Visual Studio Version 17
VisualStudioVersion = 17.5.002.0
MinimumVisualStudioVersion = 10.0.40219.1
Project("{E53339B2-1760-4266-BCC7-CA923CBCF16C}") = "docker-compose", "docker-compose.dcproj", "{AA8E6C71-F512-4688-8CC4-CA3E0947A00F}"
EndProject
Project("{FAE04EC0-301F-11D3-BF4B-00C04F79EFBC}") = "HelloOpenTelemetry", "src\HelloOpenTelemetry.csproj", "{91AE4E58-E06C-4BFC-96A4-2BD7EF48F9F2}"
EndProject
Global
	GlobalSection(SolutionConfigurationPlatforms) = preSolution
		Debug|Any CPU = Debug|Any CPU
		Release|Any CPU = Release|Any CPU
	EndGlobalSection
	GlobalSection(ProjectConfigurationPlatforms) = postSolution
		{AA8E6C71-F512-4688-8CC4-CA3E0947A00F}.Debug|Any CPU.ActiveCfg = Debug|Any CPU
		{AA8E6C71-F512-4688-8CC4-CA3E0947A00F}.Debug|Any CPU.Build.0 = Debug|Any CPU
		{AA8E6C71-F512-4688-8CC4-CA3E0947A00F}.Release|Any CPU.ActiveCfg = Release|Any CPU
		{AA8E6C71-F512-4688-8CC4-CA3E0947A00F}.Release|Any CPU.Build.0 = Release|Any CPU
		{91AE4E58-E06C-4BFC-96A4-2BD7EF48F9F2}.Debug|Any CPU.ActiveCfg = Debug|Any CPU
		{91AE4E58-E06C-4BFC-96A4-2BD7EF48F9F2}.Debug|Any CPU.Build.0 = Debug|Any CPU
		{91AE4E58-E06C-4BFC-96A4-2BD7EF48F9F2}.Release|Any CPU.ActiveCfg = Release|Any CPU
		{91AE4E58-E06C-4BFC-96A4-2BD7EF48F9F2}.Release|Any CPU.Build.0 = Release|Any CPU
	EndGlobalSection
	GlobalSection(SolutionProperties) = preSolution
		HideSolutionNode = FALSE
	EndGlobalSection
	GlobalSection(ExtensibilityGlobals) = postSolution
		SolutionGuid = {04EB59EC-66E0-44C2-89A1-4FA4D8F0902D}
	EndGlobalSection
EndGlobal
